{
  "name": "sci-fi-portfolio",
  "version": "1.0.0",
  "lockfileVersion": 3,
  "requires": true,
  "packages": {
    "": {
      "name": "sci-fi-portfolio",
      "version": "1.0.0",
      "license": "MIT",
      "dependencies": {
        "nipplejs": "^0.10.1",
        "sci-fi-portfolio": "file:",
        "three": "^0.160.0"
      },
      "devDependencies": {}
    },
    "node_modules/nipplejs": {
      "version": "0.10.2",
      "resolved": "https://registry.npmjs.org/nipplejs/-/nipplejs-0.10.2.tgz",
      "integrity": "sha512-XGxFY8C2DOtobf1fK+MXINTzkkXJLjZDDpfQhOUZf4TSytbc9s4bmA0lB9eKKM8iDivdr9NQkO7DpIQfsST+9g==",
      "license": "MIT"
    },
    "node_modules/sci-fi-portfolio": {
      "resolved": "",
      "link": true
    },
    "node_modules/three": {
      "version": "0.160.1",
      "resolved": "https://registry.npmjs.org/three/-/three-0.160.1.tgz",
      "integrity": "sha512-Bgl2wPJypDOZ1stAxwfWAcJ0WQf7QzlptsxkjYiURPz+n5k4RBDLsq+6f9Y75TYxn6aHLcWz+JNmwTOXWrQTBQ==",
      "license": "MIT"
    }
  }
}
